
Microsoft Visual Studio Solution File, Format Version 12.00
# Visual Studio Version 17
VisualStudioVersion = 17.2.32505.173
MinimumVisualStudioVersion = 10.0.40219.1
Project("{FAE04EC0-301F-11D3-BF4B-00C04F79EFBC}") = "PROPUESTOS_4", "PROPUESTOS_4\PROPUESTOS_4.csproj", "{F165A603-B426-42CC-87EA-76A69CA18101}"
EndProject
Project("{FAE04EC0-301F-11D3-BF4B-00C04F79EFBC}") = "PROPUESTOS_4.2", "PROPUESTOS_4.2\PROPUESTOS_4.2.csproj", "{AB632346-4E43-4B43-9648-22A80CF2FE27}"
EndProject
Global
	GlobalSection(SolutionConfigurationPlatforms) = preSolution
		Debug|Any CPU = Debug|Any CPU
		Release|Any CPU = Release|Any CPU
	EndGlobalSection
	GlobalSection(ProjectConfigurationPlatforms) = postSolution
		{F165A603-B426-42CC-87EA-76A69CA18101}.Debug|Any CPU.ActiveCfg = Debug|Any CPU
		{F165A603-B426-42CC-87EA-76A69CA18101}.Debug|Any CPU.Build.0 = Debug|Any CPU
		{F165A603-B426-42CC-87EA-76A69CA18101}.Release|Any CPU.ActiveCfg = Release|Any CPU
		{F165A603-B426-42CC-87EA-76A69CA18101}.Release|Any CPU.Build.0 = Release|Any CPU
		{AB632346-4E43-4B43-9648-22A80CF2FE27}.Debug|Any CPU.ActiveCfg = Debug|Any CPU
		{AB632346-4E43-4B43-9648-22A80CF2FE27}.Debug|Any CPU.Build.0 = Debug|Any CPU
		{AB632346-4E43-4B43-9648-22A80CF2FE27}.Release|Any CPU.ActiveCfg = Release|Any CPU
		{AB632346-4E43-4B43-9648-22A80CF2FE27}.Release|Any CPU.Build.0 = Release|Any CPU
	EndGlobalSection
	GlobalSection(SolutionProperties) = preSolution
		HideSolutionNode = FALSE
	EndGlobalSection
	GlobalSection(ExtensibilityGlobals) = postSolution
		SolutionGuid = {7C32905B-3FDD-45BA-8AE1-809FCFEDCF8B}
	EndGlobalSection
EndGlobal
